
Microsoft Visual Studio Solution File, Format Version 12.00
# Visual Studio Version 17
VisualStudioVersion = 17.9.34723.18
MinimumVisualStudioVersion = 10.0.40219.1
Project("{FAE04EC0-301F-11D3-BF4B-00C04F79EFBC}") = "ServiceAuto_Client", "ServiceAuto_Client\ServiceAuto_Client.csproj", "{695A0AAA-20ED-4A49-B101-E5A61B19323A}"
EndProject
Global
	GlobalSection(SolutionConfigurationPlatforms) = preSolution
		Debug|Any CPU = Debug|Any CPU
		Release|Any CPU = Release|Any CPU
	EndGlobalSection
	GlobalSection(ProjectConfigurationPlatforms) = postSolution
		{695A0AAA-20ED-4A49-B101-E5A61B19323A}.Debug|Any CPU.ActiveCfg = Debug|Any CPU
		{695A0AAA-20ED-4A49-B101-E5A61B19323A}.Debug|Any CPU.Build.0 = Debug|Any CPU
		{695A0AAA-20ED-4A49-B101-E5A61B19323A}.Release|Any CPU.ActiveCfg = Release|Any CPU
		{695A0AAA-20ED-4A49-B101-E5A61B19323A}.Release|Any CPU.Build.0 = Release|Any CPU
	EndGlobalSection
	GlobalSection(SolutionProperties) = preSolution
		HideSolutionNode = FALSE
	EndGlobalSection
	GlobalSection(ExtensibilityGlobals) = postSolution
		SolutionGuid = {E812EAED-4E7F-4DC0-AAEC-8CF0AFBAA02D}
	EndGlobalSection
EndGlobal
